
Microsoft Visual Studio Solution File, Format Version 11.00
# Visual Studio 2010
Project("{FAE04EC0-301F-11D3-BF4B-00C04F79EFBC}") = "Assembly-CSharp", "Assembly-CSharp.csproj", "{6704993B-AAD1-CC8B-BF06-F53F92C93E6D}"
EndProject
Project("{FAE04EC0-301F-11D3-BF4B-00C04F79EFBC}") = "Assembly-CSharp-Editor", "Assembly-CSharp-Editor.csproj", "{55A792A6-1071-61E5-0553-877790EC4E19}"
EndProject
Global
	GlobalSection(SolutionConfigurationPlatforms) = preSolution
		Debug|Any CPU = Debug|Any CPU
		Release|Any CPU = Release|Any CPU
	EndGlobalSection
	GlobalSection(ProjectConfigurationPlatforms) = postSolution
		{6704993B-AAD1-CC8B-BF06-F53F92C93E6D}.Debug|Any CPU.ActiveCfg = Debug|Any CPU
		{6704993B-AAD1-CC8B-BF06-F53F92C93E6D}.Debug|Any CPU.Build.0 = Debug|Any CPU
		{6704993B-AAD1-CC8B-BF06-F53F92C93E6D}.Release|Any CPU.ActiveCfg = Release|Any CPU
		{6704993B-AAD1-CC8B-BF06-F53F92C93E6D}.Release|Any CPU.Build.0 = Release|Any CPU
		{55A792A6-1071-61E5-0553-877790EC4E19}.Debug|Any CPU.ActiveCfg = Debug|Any CPU
		{55A792A6-1071-61E5-0553-877790EC4E19}.Debug|Any CPU.Build.0 = Debug|Any CPU
		{55A792A6-1071-61E5-0553-877790EC4E19}.Release|Any CPU.ActiveCfg = Release|Any CPU
		{55A792A6-1071-61E5-0553-877790EC4E19}.Release|Any CPU.Build.0 = Release|Any CPU
	EndGlobalSection
	GlobalSection(SolutionProperties) = preSolution
		HideSolutionNode = FALSE
	EndGlobalSection
EndGlobal
